// !$*UTF8*$!
{
	archiveVersion = 1;
	classes = {
	};
	objectVersion = 56;
	objects = {

/* Begin PBXBuildFile section */
		2007175E29F43DEB00EB8EC2 /* Curso.swift in Sources */ = {isa = PBXBuildFile; fileRef = 2007175D29F43DEB00EB8EC2 /* Curso.swift */; };
		2012C7E329E254A800EB0E3E /* LoginViewController.swift in Sources */ = {isa = PBXBuildFile; fileRef = 2012C7E229E254A800EB0E3E /* LoginViewController.swift */; };
		202236AA29E247DA0051CE50 /* SideMenuModel.swift in Sources */ = {isa = PBXBuildFile; fileRef = 202236A929E247DA0051CE50 /* SideMenuModel.swift */; };
		202236AF29E247EB0051CE50 /* SideMenuCell.xib in Resources */ = {isa = PBXBuildFile; fileRef = 202236AB29E247EB0051CE50 /* SideMenuCell.xib */; };
		202236B029E247EB0051CE50 /* SideMenuViewController.swift in Sources */ = {isa = PBXBuildFile; fileRef = 202236AC29E247EB0051CE50 /* SideMenuViewController.swift */; };
		202236B129E247EB0051CE50 /* SideMenuCell.swift in Sources */ = {isa = PBXBuildFile; fileRef = 202236AD29E247EB0051CE50 /* SideMenuCell.swift */; };
		202236B229E247EB0051CE50 /* MainViewController.swift in Sources */ = {isa = PBXBuildFile; fileRef = 202236AE29E247EB0051CE50 /* MainViewController.swift */; };
		202236B429E247F40051CE50 /* Main.storyboard in Resources */ = {isa = PBXBuildFile; fileRef = 202236B329E247F40051CE50 /* Main.storyboard */; };
		202236B629E248340051CE50 /* HomeViewController.swift in Sources */ = {isa = PBXBuildFile; fileRef = 202236B529E248340051CE50 /* HomeViewController.swift */; };
		202236B829E24BF00051CE50 /* PruebaViewController.swift in Sources */ = {isa = PBXBuildFile; fileRef = 202236B729E24BF00051CE50 /* PruebaViewController.swift */; };
		2023D08629E2450D00E13570 /* AppDelegate.swift in Sources */ = {isa = PBXBuildFile; fileRef = 2023D08529E2450D00E13570 /* AppDelegate.swift */; };
		2023D08829E2450D00E13570 /* SceneDelegate.swift in Sources */ = {isa = PBXBuildFile; fileRef = 2023D08729E2450D00E13570 /* SceneDelegate.swift */; };
		2023D08F29E2450F00E13570 /* Assets.xcassets in Resources */ = {isa = PBXBuildFile; fileRef = 2023D08E29E2450F00E13570 /* Assets.xcassets */; };
		2023D09229E2450F00E13570 /* LaunchScreen.storyboard in Resources */ = {isa = PBXBuildFile; fileRef = 2023D09029E2450F00E13570 /* LaunchScreen.storyboard */; };
		2023D09D29E2450F00E13570 /* AppDocencia23Tests.swift in Sources */ = {isa = PBXBuildFile; fileRef = 2023D09C29E2450F00E13570 /* AppDocencia23Tests.swift */; };
		2023D0A729E2450F00E13570 /* AppDocencia23UITests.swift in Sources */ = {isa = PBXBuildFile; fileRef = 2023D0A629E2450F00E13570 /* AppDocencia23UITests.swift */; };
		2023D0A929E2450F00E13570 /* AppDocencia23UITestsLaunchTests.swift in Sources */ = {isa = PBXBuildFile; fileRef = 2023D0A829E2450F00E13570 /* AppDocencia23UITestsLaunchTests.swift */; };
		202F794829F3829300C6A089 /* DisponiblesViewController.swift in Sources */ = {isa = PBXBuildFile; fileRef = 202F794729F3829300C6A089 /* DisponiblesViewController.swift */; };
		209BD5FA29F422BA00EAE97E /* CustomCollectionViewCell.swift in Sources */ = {isa = PBXBuildFile; fileRef = 209BD5F929F422BA00EAE97E /* CustomCollectionViewCell.swift */; };
/* End PBXBuildFile section */

/* Begin PBXContainerItemProxy section */
		2023D09929E2450F00E13570 /* PBXContainerItemProxy */ = {
			isa = PBXContainerItemProxy;
			containerPortal = 2023D07A29E2450D00E13570 /* Project object */;
			proxyType = 1;
			remoteGlobalIDString = 2023D08129E2450D00E13570;
			remoteInfo = AppDocencia23;
		};
		2023D0A329E2450F00E13570 /* PBXContainerItemProxy */ = {
			isa = PBXContainerItemProxy;
			containerPortal = 2023D07A29E2450D00E13570 /* Project object */;
			proxyType = 1;
			remoteGlobalIDString = 2023D08129E2450D00E13570;
			remoteInfo = AppDocencia23;
		};
/* End PBXContainerItemProxy section */

/* Begin PBXFileReference section */
		2007175D29F43DEB00EB8EC2 /* Curso.swift */ = {isa = PBXFileReference; lastKnownFileType = sourcecode.swift; path = Curso.swift; sourceTree = "<group>"; };
		2012C7E229E254A800EB0E3E /* LoginViewController.swift */ = {isa = PBXFileReference; lastKnownFileType = sourcecode.swift; path = LoginViewController.swift; sourceTree = "<group>"; };
		202236A929E247DA0051CE50 /* SideMenuModel.swift */ = {isa = PBXFileReference; fileEncoding = 4; lastKnownFileType = sourcecode.swift; path = SideMenuModel.swift; sourceTree = "<group>"; };
		202236AB29E247EB0051CE50 /* SideMenuCell.xib */ = {isa = PBXFileReference; fileEncoding = 4; lastKnownFileType = file.xib; path = SideMenuCell.xib; sourceTree = "<group>"; };
		202236AC29E247EB0051CE50 /* SideMenuViewController.swift */ = {isa = PBXFileReference; fileEncoding = 4; lastKnownFileType = sourcecode.swift; path = SideMenuViewController.swift; sourceTree = "<group>"; };
		202236AD29E247EB0051CE50 /* SideMenuCell.swift */ = {isa = PBXFileReference; fileEncoding = 4; lastKnownFileType = sourcecode.swift; path = SideMenuCell.swift; sourceTree = "<group>"; };
		202236AE29E247EB0051CE50 /* MainViewController.swift */ = {isa = PBXFileReference; fileEncoding = 4; lastKnownFileType = sourcecode.swift; path = MainViewController.swift; sourceTree = "<group>"; };
		202236B329E247F40051CE50 /* Main.storyboard */ = {isa = PBXFileReference; fileEncoding = 4; lastKnownFileType = file.storyboard; path = Main.storyboard; sourceTree = "<group>"; };
		202236B529E248340051CE50 /* HomeViewController.swift */ = {isa = PBXFileReference; fileEncoding = 4; lastKnownFileType = sourcecode.swift; path = HomeViewController.swift; sourceTree = "<group>"; };
		202236B729E24BF00051CE50 /* PruebaViewController.swift */ = {isa = PBXFileReference; lastKnownFileType = sourcecode.swift; path = PruebaViewController.swift; sourceTree = "<group>"; };
		2023D08229E2450D00E13570 /* AppDocencia23.app */ = {isa = PBXFileReference; explicitFileType = wrapper.application; includeInIndex = 0; path = AppDocencia23.app; sourceTree = BUILT_PRODUCTS_DIR; };
		2023D08529E2450D00E13570 /* AppDelegate.swift */ = {isa = PBXFileReference; lastKnownFileType = sourcecode.swift; path = AppDelegate.swift; sourceTree = "<group>"; };
		2023D08729E2450D00E13570 /* SceneDelegate.swift */ = {isa = PBXFileReference; lastKnownFileType = sourcecode.swift; path = SceneDelegate.swift; sourceTree = "<group>"; };
		2023D08E29E2450F00E13570 /* Assets.xcassets */ = {isa = PBXFileReference; lastKnownFileType = folder.assetcatalog; path = Assets.xcassets; sourceTree = "<group>"; };
		2023D09129E2450F00E13570 /* Base */ = {isa = PBXFileReference; lastKnownFileType = file.storyboard; name = Base; path = Base.lproj/LaunchScreen.storyboard; sourceTree = "<group>"; };
		2023D09329E2450F00E13570 /* Info.plist */ = {isa = PBXFileReference; lastKnownFileType = text.plist.xml; path = Info.plist; sourceTree = "<group>"; };
		2023D09829E2450F00E13570 /* AppDocencia23Tests.xctest */ = {isa = PBXFileReference; explicitFileType = wrapper.cfbundle; includeInIndex = 0; path = AppDocencia23Tests.xctest; sourceTree = BUILT_PRODUCTS_DIR; };
		2023D09C29E2450F00E13570 /* AppDocencia23Tests.swift */ = {isa = PBXFileReference; lastKnownFileType = sourcecode.swift; path = AppDocencia23Tests.swift; sourceTree = "<group>"; };
		2023D0A229E2450F00E13570 /* AppDocencia23UITests.xctest */ = {isa = PBXFileReference; explicitFileType = wrapper.cfbundle; includeInIndex = 0; path = AppDocencia23UITests.xctest; sourceTree = BUILT_PRODUCTS_DIR; };
		2023D0A629E2450F00E13570 /* AppDocencia23UITests.swift */ = {isa = PBXFileReference; lastKnownFileType = sourcecode.swift; path = AppDocencia23UITests.swift; sourceTree = "<group>"; };
		2023D0A829E2450F00E13570 /* AppDocencia23UITestsLaunchTests.swift */ = {isa = PBXFileReference; lastKnownFileType = sourcecode.swift; path = AppDocencia23UITestsLaunchTests.swift; sourceTree = "<group>"; };
		202F794729F3829300C6A089 /* DisponiblesViewController.swift */ = {isa = PBXFileReference; lastKnownFileType = sourcecode.swift; path = DisponiblesViewController.swift; sourceTree = "<group>"; };
		209BD5F929F422BA00EAE97E /* CustomCollectionViewCell.swift */ = {isa = PBXFileReference; fileEncoding = 4; lastKnownFileType = sourcecode.swift; path = CustomCollectionViewCell.swift; sourceTree = "<group>"; };
/* End PBXFileReference section */

/* Begin PBXFrameworksBuildPhase section */
		2023D07F29E2450D00E13570 /* Frameworks */ = {
			isa = PBXFrameworksBuildPhase;
			buildActionMask = 2147483647;
			files = (
			);
			runOnlyForDeploymentPostprocessing = 0;
		};
		2023D09529E2450F00E13570 /* Frameworks */ = {
			isa = PBXFrameworksBuildPhase;
			buildActionMask = 2147483647;
			files = (
			);
			runOnlyForDeploymentPostprocessing = 0;
		};
		2023D09F29E2450F00E13570 /* Frameworks */ = {
			isa = PBXFrameworksBuildPhase;
			buildActionMask = 2147483647;
			files = (
			);
			runOnlyForDeploymentPostprocessing = 0;
		};
/* End PBXFrameworksBuildPhase section */

/* Begin PBXGroup section */
		2012C7E029E250DD00EB0E3E /* Pantallas */ = {
			isa = PBXGroup;
			children = (
				202236B729E24BF00051CE50 /* PruebaViewController.swift */,
				209BD5F929F422BA00EAE97E /* CustomCollectionViewCell.swift */,
				202236B529E248340051CE50 /* HomeViewController.swift */,
				202F794729F3829300C6A089 /* DisponiblesViewController.swift */,
			);
			path = Pantallas;
			sourceTree = "<group>";
		};
		2012C7E129E2549700EB0E3E /* Login */ = {
			isa = PBXGroup;
			children = (
				2012C7E229E254A800EB0E3E /* LoginViewController.swift */,
			);
			path = Login;
			sourceTree = "<group>";
		};
		2023D07929E2450D00E13570 = {
			isa = PBXGroup;
			children = (
				2023D08429E2450D00E13570 /* AppDocencia23 */,
				2023D09B29E2450F00E13570 /* AppDocencia23Tests */,
				2023D0A529E2450F00E13570 /* AppDocencia23UITests */,
				2023D08329E2450D00E13570 /* Products */,
			);
			sourceTree = "<group>";
		};
		2023D08329E2450D00E13570 /* Products */ = {
			isa = PBXGroup;
			children = (
				2023D08229E2450D00E13570 /* AppDocencia23.app */,
				2023D09829E2450F00E13570 /* AppDocencia23Tests.xctest */,
				2023D0A229E2450F00E13570 /* AppDocencia23UITests.xctest */,
			);
			name = Products;
			sourceTree = "<group>";
		};
		2023D08429E2450D00E13570 /* AppDocencia23 */ = {
			isa = PBXGroup;
			children = (
				2023D0B729E2459800E13570 /* Modelo */,
				2023D0B629E2459200E13570 /* Controlador */,
				2023D0B529E2458800E13570 /* Vista */,
				2023D08529E2450D00E13570 /* AppDelegate.swift */,
				2023D08729E2450D00E13570 /* SceneDelegate.swift */,
				2023D08E29E2450F00E13570 /* Assets.xcassets */,
				2023D09029E2450F00E13570 /* LaunchScreen.storyboard */,
				2023D09329E2450F00E13570 /* Info.plist */,
			);
			path = AppDocencia23;
			sourceTree = "<group>";
		};
		2023D09B29E2450F00E13570 /* AppDocencia23Tests */ = {
			isa = PBXGroup;
			children = (
				2023D09C29E2450F00E13570 /* AppDocencia23Tests.swift */,
			);
			path = AppDocencia23Tests;
			sourceTree = "<group>";
		};
		2023D0A529E2450F00E13570 /* AppDocencia23UITests */ = {
			isa = PBXGroup;
			children = (
				2023D0A629E2450F00E13570 /* AppDocencia23UITests.swift */,
				2023D0A829E2450F00E13570 /* AppDocencia23UITestsLaunchTests.swift */,
			);
			path = AppDocencia23UITests;
			sourceTree = "<group>";
		};
		2023D0B529E2458800E13570 /* Vista */ = {
			isa = PBXGroup;
			children = (
				202236B329E247F40051CE50 /* Main.storyboard */,
			);
			path = Vista;
			sourceTree = "<group>";
		};
		2023D0B629E2459200E13570 /* Controlador */ = {
			isa = PBXGroup;
			children = (
				2012C7E129E2549700EB0E3E /* Login */,
				2012C7E029E250DD00EB0E3E /* Pantallas */,
				2023D0BA29E245DC00E13570 /* Menu */,
			);
			path = Controlador;
			sourceTree = "<group>";
		};
		2023D0B729E2459800E13570 /* Modelo */ = {
			isa = PBXGroup;
			children = (
				202236A929E247DA0051CE50 /* SideMenuModel.swift */,
				2007175D29F43DEB00EB8EC2 /* Curso.swift */,
			);
			path = Modelo;
			sourceTree = "<group>";
		};
		2023D0BA29E245DC00E13570 /* Menu */ = {
			isa = PBXGroup;
			children = (
				202236AE29E247EB0051CE50 /* MainViewController.swift */,
				202236AD29E247EB0051CE50 /* SideMenuCell.swift */,
				202236AB29E247EB0051CE50 /* SideMenuCell.xib */,
				202236AC29E247EB0051CE50 /* SideMenuViewController.swift */,
			);
			path = Menu;
			sourceTree = "<group>";
		};
/* End PBXGroup section */

/* Begin PBXNativeTarget section */
		2023D08129E2450D00E13570 /* AppDocencia23 */ = {
			isa = PBXNativeTarget;
			buildConfigurationList = 2023D0AC29E2450F00E13570 /* Build configuration list for PBXNativeTarget "AppDocencia23" */;
			buildPhases = (
				2023D07E29E2450D00E13570 /* Sources */,
				2023D07F29E2450D00E13570 /* Frameworks */,
				2023D08029E2450D00E13570 /* Resources */,
			);
			buildRules = (
			);
			dependencies = (
			);
			name = AppDocencia23;
			productName = AppDocencia23;
			productReference = 2023D08229E2450D00E13570 /* AppDocencia23.app */;
			productType = "com.apple.product-type.application";
		};
		2023D09729E2450F00E13570 /* AppDocencia23Tests */ = {
			isa = PBXNativeTarget;
			buildConfigurationList = 2023D0AF29E2450F00E13570 /* Build configuration list for PBXNativeTarget "AppDocencia23Tests" */;
			buildPhases = (
				2023D09429E2450F00E13570 /* Sources */,
				2023D09529E2450F00E13570 /* Frameworks */,
				2023D09629E2450F00E13570 /* Resources */,
			);
			buildRules = (
			);
			dependencies = (
				2023D09A29E2450F00E13570 /* PBXTargetDependency */,
			);
			name = AppDocencia23Tests;
			productName = AppDocencia23Tests;
			productReference = 2023D09829E2450F00E13570 /* AppDocencia23Tests.xctest */;
			productType = "com.apple.product-type.bundle.unit-test";
		};
		2023D0A129E2450F00E13570 /* AppDocencia23UITests */ = {
			isa = PBXNativeTarget;
			buildConfigurationList = 2023D0B229E2450F00E13570 /* Build configuration list for PBXNativeTarget "AppDocencia23UITests" */;
			buildPhases = (
				2023D09E29E2450F00E13570 /* Sources */,
				2023D09F29E2450F00E13570 /* Frameworks */,
				2023D0A029E2450F00E13570 /* Resources */,
			);
			buildRules = (
			);
			dependencies = (
				2023D0A429E2450F00E13570 /* PBXTargetDependency */,
			);
			name = AppDocencia23UITests;
			productName = AppDocencia23UITests;
			productReference = 2023D0A229E2450F00E13570 /* AppDocencia23UITests.xctest */;
			productType = "com.apple.product-type.bundle.ui-testing";
		};
/* End PBXNativeTarget section */

/* Begin PBXProject section */
		2023D07A29E2450D00E13570 /* Project object */ = {
			isa = PBXProject;
			attributes = {
				BuildIndependentTargetsInParallel = 1;
				LastSwiftUpdateCheck = 1420;
				LastUpgradeCheck = 1420;
				TargetAttributes = {
					2023D08129E2450D00E13570 = {
						CreatedOnToolsVersion = 14.2;
					};
					2023D09729E2450F00E13570 = {
						CreatedOnToolsVersion = 14.2;
						TestTargetID = 2023D08129E2450D00E13570;
					};
					2023D0A129E2450F00E13570 = {
						CreatedOnToolsVersion = 14.2;
						TestTargetID = 2023D08129E2450D00E13570;
					};
				};
			};
			buildConfigurationList = 2023D07D29E2450D00E13570 /* Build configuration list for PBXProject "AppDocencia23" */;
			compatibilityVersion = "Xcode 14.0";
			developmentRegion = en;
			hasScannedForEncodings = 0;
			knownRegions = (
				en,
				Base,
			);
			mainGroup = 2023D07929E2450D00E13570;
			productRefGroup = 2023D08329E2450D00E13570 /* Products */;
			projectDirPath = "";
			projectRoot = "";
			targets = (
				2023D08129E2450D00E13570 /* AppDocencia23 */,
				2023D09729E2450F00E13570 /* AppDocencia23Tests */,
				2023D0A129E2450F00E13570 /* AppDocencia23UITests */,
			);
		};
/* End PBXProject section */

/* Begin PBXResourcesBuildPhase section */
		2023D08029E2450D00E13570 /* Resources */ = {
			isa = PBXResourcesBuildPhase;
			buildActionMask = 2147483647;
			files = (
				2023D09229E2450F00E13570 /* LaunchScreen.storyboard in Resources */,
				202236B429E247F40051CE50 /* Main.storyboard in Resources */,
				2023D08F29E2450F00E13570 /* Assets.xcassets in Resources */,
				202236AF29E247EB0051CE50 /* SideMenuCell.xib in Resources */,
			);
			runOnlyForDeploymentPostprocessing = 0;
		};
		2023D09629E2450F00E13570 /* Resources */ = {
			isa = PBXResourcesBuildPhase;
			buildActionMask = 2147483647;
			files = (
			);
			runOnlyForDeploymentPostprocessing = 0;
		};
		2023D0A029E2450F00E13570 /* Resources */ = {
			isa = PBXResourcesBuildPhase;
			buildActionMask = 2147483647;
			files = (
			);
			runOnlyForDeploymentPostprocessing = 0;
		};
/* End PBXResourcesBuildPhase section */

/* Begin PBXSourcesBuildPhase section */
		2023D07E29E2450D00E13570 /* Sources */ = {
			isa = PBXSourcesBuildPhase;
			buildActionMask = 2147483647;
			files = (
				2012C7E329E254A800EB0E3E /* LoginViewController.swift in Sources */,
				202236B029E247EB0051CE50 /* SideMenuViewController.swift in Sources */,
				202236B129E247EB0051CE50 /* SideMenuCell.swift in Sources */,
				2023D08629E2450D00E13570 /* AppDelegate.swift in Sources */,
				202236B829E24BF00051CE50 /* PruebaViewController.swift in Sources */,
				202236B229E247EB0051CE50 /* MainViewController.swift in Sources */,
				202236AA29E247DA0051CE50 /* SideMenuModel.swift in Sources */,
				202F794829F3829300C6A089 /* DisponiblesViewController.swift in Sources */,
				202236B629E248340051CE50 /* HomeViewController.swift in Sources */,
				2023D08829E2450D00E13570 /* SceneDelegate.swift in Sources */,
				2007175E29F43DEB00EB8EC2 /* Curso.swift in Sources */,
				209BD5FA29F422BA00EAE97E /* CustomCollectionViewCell.swift in Sources */,
			);
			runOnlyForDeploymentPostprocessing = 0;
		};
		2023D09429E2450F00E13570 /* Sources */ = {
			isa = PBXSourcesBuildPhase;
			buildActionMask = 2147483647;
			files = (
				2023D09D29E2450F00E13570 /* AppDocencia23Tests.swift in Sources */,
			);
			runOnlyForDeploymentPostprocessing = 0;
		};
		2023D09E29E2450F00E13570 /* Sources */ = {
			isa = PBXSourcesBuildPhase;
			buildActionMask = 2147483647;
			files = (
				2023D0A729E2450F00E13570 /* AppDocencia23UITests.swift in Sources */,
				2023D0A929E2450F00E13570 /* AppDocencia23UITestsLaunchTests.swift in Sources */,
			);
			runOnlyForDeploymentPostprocessing = 0;
		};
/* End PBXSourcesBuildPhase section */

/* Begin PBXTargetDependency section */
		2023D09A29E2450F00E13570 /* PBXTargetDependency */ = {
			isa = PBXTargetDependency;
			target = 2023D08129E2450D00E13570 /* AppDocencia23 */;
			targetProxy = 2023D09929E2450F00E13570 /* PBXContainerItemProxy */;
		};
		2023D0A429E2450F00E13570 /* PBXTargetDependency */ = {
			isa = PBXTargetDependency;
			target = 2023D08129E2450D00E13570 /* AppDocencia23 */;
			targetProxy = 2023D0A329E2450F00E13570 /* PBXContainerItemProxy */;
		};
/* End PBXTargetDependency section */

/* Begin PBXVariantGroup section */
		2023D09029E2450F00E13570 /* LaunchScreen.storyboard */ = {
			isa = PBXVariantGroup;
			children = (
				2023D09129E2450F00E13570 /* Base */,
			);
			name = LaunchScreen.storyboard;
			sourceTree = "<group>";
		};
/* End PBXVariantGroup section */

/* Begin XCBuildConfiguration section */
		2023D0AA29E2450F00E13570 /* Debug */ = {
			isa = XCBuildConfiguration;
			buildSettings = {
				ALWAYS_SEARCH_USER_PATHS = NO;
				CLANG_ANALYZER_NONNULL = YES;
				CLANG_ANALYZER_NUMBER_OBJECT_CONVERSION = YES_AGGRESSIVE;
				CLANG_CXX_LANGUAGE_STANDARD = "gnu++20";
				CLANG_ENABLE_MODULES = YES;
				CLANG_ENABLE_OBJC_ARC = YES;
				CLANG_ENABLE_OBJC_WEAK = YES;
				CLANG_WARN_BLOCK_CAPTURE_AUTORELEASING = YES;
				CLANG_WARN_BOOL_CONVERSION = YES;
				CLANG_WARN_COMMA = YES;
				CLANG_WARN_CONSTANT_CONVERSION = YES;
				CLANG_WARN_DEPRECATED_OBJC_IMPLEMENTATIONS = YES;
				CLANG_WARN_DIRECT_OBJC_ISA_USAGE = YES_ERROR;
				CLANG_WARN_DOCUMENTATION_COMMENTS = YES;
				CLANG_WARN_EMPTY_BODY = YES;
				CLANG_WARN_ENUM_CONVERSION = YES;
				CLANG_WARN_INFINITE_RECURSION = YES;
				CLANG_WARN_INT_CONVERSION = YES;
				CLANG_WARN_NON_LITERAL_NULL_CONVERSION = YES;
				CLANG_WARN_OBJC_IMPLICIT_RETAIN_SELF = YES;
				CLANG_WARN_OBJC_LITERAL_CONVERSION = YES;
				CLANG_WARN_OBJC_ROOT_CLASS = YES_ERROR;
				CLANG_WARN_QUOTED_INCLUDE_IN_FRAMEWORK_HEADER = YES;
				CLANG_WARN_RANGE_LOOP_ANALYSIS = YES;
				CLANG_WARN_STRICT_PROTOTYPES = YES;
				CLANG_WARN_SUSPICIOUS_MOVE = YES;
				CLANG_WARN_UNGUARDED_AVAILABILITY = YES_AGGRESSIVE;
				CLANG_WARN_UNREACHABLE_CODE = YES;
				CLANG_WARN__DUPLICATE_METHOD_MATCH = YES;
				COPY_PHASE_STRIP = NO;
				DEBUG_INFORMATION_FORMAT = dwarf;
				ENABLE_STRICT_OBJC_MSGSEND = YES;
				ENABLE_TESTABILITY = YES;
				GCC_C_LANGUAGE_STANDARD = gnu11;
				GCC_DYNAMIC_NO_PIC = NO;
				GCC_NO_COMMON_BLOCKS = YES;
				GCC_OPTIMIZATION_LEVEL = 0;
				GCC_PREPROCESSOR_DEFINITIONS = (
					"DEBUG=1",
					"$(inherited)",
				);
				GCC_WARN_64_TO_32_BIT_CONVERSION = YES;
				GCC_WARN_ABOUT_RETURN_TYPE = YES_ERROR;
				GCC_WARN_UNDECLARED_SELECTOR = YES;
				GCC_WARN_UNINITIALIZED_AUTOS = YES_AGGRESSIVE;
				GCC_WARN_UNUSED_FUNCTION = YES;
				GCC_WARN_UNUSED_VARIABLE = YES;
				IPHONEOS_DEPLOYMENT_TARGET = 16.2;
				MTL_ENABLE_DEBUG_INFO = INCLUDE_SOURCE;
				MTL_FAST_MATH = YES;
				ONLY_ACTIVE_ARCH = YES;
				SDKROOT = iphoneos;
				SWIFT_ACTIVE_COMPILATION_CONDITIONS = DEBUG;
				SWIFT_OPTIMIZATION_LEVEL = "-Onone";
			};
			name = Debug;
		};
		2023D0AB29E2450F00E13570 /* Release */ = {
			isa = XCBuildConfiguration;
			buildSettings = {
				ALWAYS_SEARCH_USER_PATHS = NO;
				CLANG_ANALYZER_NONNULL = YES;
				CLANG_ANALYZER_NUMBER_OBJECT_CONVERSION = YES_AGGRESSIVE;
				CLANG_CXX_LANGUAGE_STANDARD = "gnu++20";
				CLANG_ENABLE_MODULES = YES;
				CLANG_ENABLE_OBJC_ARC = YES;
				CLANG_ENABLE_OBJC_WEAK = YES;
				CLANG_WARN_BLOCK_CAPTURE_AUTORELEASING = YES;
				CLANG_WARN_BOOL_CONVERSION = YES;
				CLANG_WARN_COMMA = YES;
				CLANG_WARN_CONSTANT_CONVERSION = YES;
				CLANG_WARN_DEPRECATED_OBJC_IMPLEMENTATIONS = YES;
				CLANG_WARN_DIRECT_OBJC_ISA_USAGE = YES_ERROR;
				CLANG_WARN_DOCUMENTATION_COMMENTS = YES;
				CLANG_WARN_EMPTY_BODY = YES;
				CLANG_WARN_ENUM_CONVERSION = YES;
				CLANG_WARN_INFINITE_RECURSION = YES;
				CLANG_WARN_INT_CONVERSION = YES;
				CLANG_WARN_NON_LITERAL_NULL_CONVERSION = YES;
				CLANG_WARN_OBJC_IMPLICIT_RETAIN_SELF = YES;
				CLANG_WARN_OBJC_LITERAL_CONVERSION = YES;
				CLANG_WARN_OBJC_ROOT_CLASS = YES_ERROR;
				CLANG_WARN_QUOTED_INCLUDE_IN_FRAMEWORK_HEADER = YES;
				CLANG_WARN_RANGE_LOOP_ANALYSIS = YES;
				CLANG_WARN_STRICT_PROTOTYPES = YES;
				CLANG_WARN_SUSPICIOUS_MOVE = YES;
				CLANG_WARN_UNGUARDED_AVAILABILITY = YES_AGGRESSIVE;
				CLANG_WARN_UNREACHABLE_CODE = YES;
				CLANG_WARN__DUPLICATE_METHOD_MATCH = YES;
				COPY_PHASE_STRIP = NO;
				DEBUG_INFORMATION_FORMAT = "dwarf-with-dsym";
				ENABLE_NS_ASSERTIONS = NO;
				ENABLE_STRICT_OBJC_MSGSEND = YES;
				GCC_C_LANGUAGE_STANDARD = gnu11;
				GCC_NO_COMMON_BLOCKS = YES;
				GCC_WARN_64_TO_32_BIT_CONVERSION = YES;
				GCC_WARN_ABOUT_RETURN_TYPE = YES_ERROR;
				GCC_WARN_UNDECLARED_SELECTOR = YES;
				GCC_WARN_UNINITIALIZED_AUTOS = YES_AGGRESSIVE;
				GCC_WARN_UNUSED_FUNCTION = YES;
				GCC_WARN_UNUSED_VARIABLE = YES;
				IPHONEOS_DEPLOYMENT_TARGET = 16.2;
				MTL_ENABLE_DEBUG_INFO = NO;
				MTL_FAST_MATH = YES;
				SDKROOT = iphoneos;
				SWIFT_COMPILATION_MODE = wholemodule;
				SWIFT_OPTIMIZATION_LEVEL = "-O";
				VALIDATE_PRODUCT = YES;
			};
			name = Release;
		};
		2023D0AD29E2450F00E13570 /* Debug */ = {
			isa = XCBuildConfiguration;
			buildSettings = {
				ASSETCATALOG_COMPILER_APPICON_NAME = AppIcon;
				ASSETCATALOG_COMPILER_GLOBAL_ACCENT_COLOR_NAME = AccentColor;
				CODE_SIGN_STYLE = Automatic;
				CURRENT_PROJECT_VERSION = 1;
				DEVELOPMENT_TEAM = UDWVL83LG5;
				GENERATE_INFOPLIST_FILE = YES;
				INFOPLIST_FILE = AppDocencia23/Info.plist;
				INFOPLIST_KEY_UIApplicationSupportsIndirectInputEvents = YES;
				INFOPLIST_KEY_UILaunchStoryboardName = LaunchScreen;
				INFOPLIST_KEY_UIMainStoryboardFile = Main;
				INFOPLIST_KEY_UISupportedInterfaceOrientations_iPad = "UIInterfaceOrientationPortrait UIInterfaceOrientationPortraitUpsideDown UIInterfaceOrientationLandscapeLeft UIInterfaceOrientationLandscapeRight";
				INFOPLIST_KEY_UISupportedInterfaceOrientations_iPhone = "UIInterfaceOrientationPortrait UIInterfaceOrientationLandscapeLeft UIInterfaceOrientationLandscapeRight";
				IPHONEOS_DEPLOYMENT_TARGET = 16.0;
				LD_RUNPATH_SEARCH_PATHS = (
					"$(inherited)",
					"@executable_path/Frameworks",
				);
				MARKETING_VERSION = 1.0;
				PRODUCT_BUNDLE_IDENTIFIER = "-CENCIA-MAP.AppDocencia23";
				PRODUCT_NAME = "$(TARGET_NAME)";
				SUPPORTED_PLATFORMS = "iphoneos iphonesimulator";
				SUPPORTS_MACCATALYST = NO;
				SUPPORTS_MAC_DESIGNED_FOR_IPHONE_IPAD = NO;
				SWIFT_EMIT_LOC_STRINGS = YES;
				SWIFT_VERSION = 5.0;
				TARGETED_DEVICE_FAMILY = 1;
			};
			name = Debug;
		};
		2023D0AE29E2450F00E13570 /* Release */ = {
			isa = XCBuildConfiguration;
			buildSettings = {
				ASSETCATALOG_COMPILER_APPICON_NAME = AppIcon;
				ASSETCATALOG_COMPILER_GLOBAL_ACCENT_COLOR_NAME = AccentColor;
				CODE_SIGN_STYLE = Automatic;
				CURRENT_PROJECT_VERSION = 1;
				DEVELOPMENT_TEAM = UDWVL83LG5;
				GENERATE_INFOPLIST_FILE = YES;
				INFOPLIST_FILE = AppDocencia23/Info.plist;
				INFOPLIST_KEY_UIApplicationSupportsIndirectInputEvents = YES;
				INFOPLIST_KEY_UILaunchStoryboardName = LaunchScreen;
				INFOPLIST_KEY_UIMainStoryboardFile = Main;
				INFOPLIST_KEY_UISupportedInterfaceOrientations_iPad = "UIInterfaceOrientationPortrait UIInterfaceOrientationPortraitUpsideDown UIInterfaceOrientationLandscapeLeft UIInterfaceOrientationLandscapeRight";
				INFOPLIST_KEY_UISupportedInterfaceOrientations_iPhone = "UIInterfaceOrientationPortrait UIInterfaceOrientationLandscapeLeft UIInterfaceOrientationLandscapeRight";
				IPHONEOS_DEPLOYMENT_TARGET = 16.0;
				LD_RUNPATH_SEARCH_PATHS = (
					"$(inherited)",
					"@executable_path/Frameworks",
				);
				MARKETING_VERSION = 1.0;
				PRODUCT_BUNDLE_IDENTIFIER = "-CENCIA-MAP.AppDocencia23";
				PRODUCT_NAME = "$(TARGET_NAME)";
				SUPPORTED_PLATFORMS = "iphoneos iphonesimulator";
				SUPPORTS_MACCATALYST = NO;
				SUPPORTS_MAC_DESIGNED_FOR_IPHONE_IPAD = NO;
				SWIFT_EMIT_LOC_STRINGS = YES;
				SWIFT_VERSION = 5.0;
				TARGETED_DEVICE_FAMILY = 1;
			};
			name = Release;
		};
		2023D0B029E2450F00E13570 /* Debug */ = {
			isa = XCBuildConfiguration;
			buildSettings = {
				ALWAYS_EMBED_SWIFT_STANDARD_LIBRARIES = YES;
				BUNDLE_LOADER = "$(TEST_HOST)";
				CODE_SIGN_STYLE = Automatic;
				CURRENT_PROJECT_VERSION = 1;
				DEVELOPMENT_TEAM = UDWVL83LG5;
				GENERATE_INFOPLIST_FILE = YES;
				IPHONEOS_DEPLOYMENT_TARGET = 16.2;
				MARKETING_VERSION = 1.0;
				PRODUCT_BUNDLE_IDENTIFIER = "-CENCIA-MAP.AppDocencia23Tests";
				PRODUCT_NAME = "$(TARGET_NAME)";
				SWIFT_EMIT_LOC_STRINGS = NO;
				SWIFT_VERSION = 5.0;
				TARGETED_DEVICE_FAMILY = "1,2";
				TEST_HOST = "$(BUILT_PRODUCTS_DIR)/AppDocencia23.app/$(BUNDLE_EXECUTABLE_FOLDER_PATH)/AppDocencia23";
			};
			name = Debug;
		};
		2023D0B129E2450F00E13570 /* Release */ = {
			isa = XCBuildConfiguration;
			buildSettings = {
				ALWAYS_EMBED_SWIFT_STANDARD_LIBRARIES = YES;
				BUNDLE_LOADER = "$(TEST_HOST)";
				CODE_SIGN_STYLE = Automatic;
				CURRENT_PROJECT_VERSION = 1;
				DEVELOPMENT_TEAM = UDWVL83LG5;
				GENERATE_INFOPLIST_FILE = YES;
				IPHONEOS_DEPLOYMENT_TARGET = 16.2;
				MARKETING_VERSION = 1.0;
				PRODUCT_BUNDLE_IDENTIFIER = "-CENCIA-MAP.AppDocencia23Tests";
				PRODUCT_NAME = "$(TARGET_NAME)";
				SWIFT_EMIT_LOC_STRINGS = NO;
				SWIFT_VERSION = 5.0;
				TARGETED_DEVICE_FAMILY = "1,2";
				TEST_HOST = "$(BUILT_PRODUCTS_DIR)/AppDocencia23.app/$(BUNDLE_EXECUTABLE_FOLDER_PATH)/AppDocencia23";
			};
			name = Release;
		};
		2023D0B329E2450F00E13570 /* Debug */ = {
			isa = XCBuildConfiguration;
			buildSettings = {
				ALWAYS_EMBED_SWIFT_STANDARD_LIBRARIES = YES;
				CODE_SIGN_STYLE = Automatic;
				CURRENT_PROJECT_VERSION = 1;
				DEVELOPMENT_TEAM = UDWVL83LG5;
				GENERATE_INFOPLIST_FILE = YES;
				MARKETING_VERSION = 1.0;
				PRODUCT_BUNDLE_IDENTIFIER = "-CENCIA-MAP.AppDocencia23UITests";
				PRODUCT_NAME = "$(TARGET_NAME)";
				SWIFT_EMIT_LOC_STRINGS = NO;
				SWIFT_VERSION = 5.0;
				TARGETED_DEVICE_FAMILY = "1,2";
				TEST_TARGET_NAME = AppDocencia23;
			};
			name = Debug;
		};
		2023D0B429E2450F00E13570 /* Release */ = {
			isa = XCBuildConfiguration;
			buildSettings = {
				ALWAYS_EMBED_SWIFT_STANDARD_LIBRARIES = YES;
				CODE_SIGN_STYLE = Automatic;
				CURRENT_PROJECT_VERSION = 1;
				DEVELOPMENT_TEAM = UDWVL83LG5;
				GENERATE_INFOPLIST_FILE = YES;
				MARKETING_VERSION = 1.0;
				PRODUCT_BUNDLE_IDENTIFIER = "-CENCIA-MAP.AppDocencia23UITests";
				PRODUCT_NAME = "$(TARGET_NAME)";
				SWIFT_EMIT_LOC_STRINGS = NO;
				SWIFT_VERSION = 5.0;
				TARGETED_DEVICE_FAMILY = "1,2";
				TEST_TARGET_NAME = AppDocencia23;
			};
			name = Release;
		};
/* End XCBuildConfiguration section */

/* Begin XCConfigurationList section */
		2023D07D29E2450D00E13570 /* Build configuration list for PBXProject "AppDocencia23" */ = {
			isa = XCConfigurationList;
			buildConfigurations = (
				2023D0AA29E2450F00E13570 /* Debug */,
				2023D0AB29E2450F00E13570 /* Release */,
			);
			defaultConfigurationIsVisible = 0;
			defaultConfigurationName = Release;
		};
		2023D0AC29E2450F00E13570 /* Build configuration list for PBXNativeTarget "AppDocencia23" */ = {
			isa = XCConfigurationList;
			buildConfigurations = (
				2023D0AD29E2450F00E13570 /* Debug */,
				2023D0AE29E2450F00E13570 /* Release */,
			);
			defaultConfigurationIsVisible = 0;
			defaultConfigurationName = Release;
		};
		2023D0AF29E2450F00E13570 /* Build configuration list for PBXNativeTarget "AppDocencia23Tests" */ = {
			isa = XCConfigurationList;
			buildConfigurations = (
				2023D0B029E2450F00E13570 /* Debug */,
				2023D0B129E2450F00E13570 /* Release */,
			);
			defaultConfigurationIsVisible = 0;
			defaultConfigurationName = Release;
		};
		2023D0B229E2450F00E13570 /* Build configuration list for PBXNativeTarget "AppDocencia23UITests" */ = {
			isa = XCConfigurationList;
			buildConfigurations = (
				2023D0B329E2450F00E13570 /* Debug */,
				2023D0B429E2450F00E13570 /* Release */,
			);
			defaultConfigurationIsVisible = 0;
			defaultConfigurationName = Release;
		};
/* End XCConfigurationList section */
	};
	rootObject = 2023D07A29E2450D00E13570 /* Project object */;
}
